// !$*UTF8*$!
{
	archiveVersion = 1;
	classes = {
	};
	objectVersion = 48;
	objects = {

/* Begin PBXBuildFile section */
		9A99CBF61FD63386008F98AB /* AppDelegate.swift in Sources */ = {isa = PBXBuildFile; fileRef = 9A99CBF51FD63386008F98AB /* AppDelegate.swift */; };
		9A99CBF81FD63386008F98AB /* ViewController.swift in Sources */ = {isa = PBXBuildFile; fileRef = 9A99CBF71FD63386008F98AB /* ViewController.swift */; };
		9A99CBFB1FD63386008F98AB /* Main.storyboard in Resources */ = {isa = PBXBuildFile; fileRef = 9A99CBF91FD63386008F98AB /* Main.storyboard */; };
		9A99CBFD1FD63386008F98AB /* Assets.xcassets in Resources */ = {isa = PBXBuildFile; fileRef = 9A99CBFC1FD63386008F98AB /* Assets.xcassets */; };
		9A99CC001FD63386008F98AB /* LaunchScreen.storyboard in Resources */ = {isa = PBXBuildFile; fileRef = 9A99CBFE1FD63386008F98AB /* LaunchScreen.storyboard */; };
		9A99CC0B1FD63386008F98AB /* InterfaceTests.swift in Sources */ = {isa = PBXBuildFile; fileRef = 9A99CC0A1FD63386008F98AB /* InterfaceTests.swift */; };
		9A99CC161FD63386008F98AB /* InterfaceUITests.swift in Sources */ = {isa = PBXBuildFile; fileRef = 9A99CC151FD63386008F98AB /* InterfaceUITests.swift */; };
/* End PBXBuildFile section */

/* Begin PBXContainerItemProxy section */
		9A99CC071FD63386008F98AB /* PBXContainerItemProxy */ = {
			isa = PBXContainerItemProxy;
			containerPortal = 9A99CBEA1FD63386008F98AB /* Project object */;
			proxyType = 1;
			remoteGlobalIDString = 9A99CBF11FD63386008F98AB;
			remoteInfo = Interface;
		};
		9A99CC121FD63386008F98AB /* PBXContainerItemProxy */ = {
			isa = PBXContainerItemProxy;
			containerPortal = 9A99CBEA1FD63386008F98AB /* Project object */;
			proxyType = 1;
			remoteGlobalIDString = 9A99CBF11FD63386008F98AB;
			remoteInfo = Interface;
		};
/* End PBXContainerItemProxy section */

/* Begin PBXFileReference section */
		9A99CBF21FD63386008F98AB /* Interface.app */ = {isa = PBXFileReference; explicitFileType = wrapper.application; includeInIndex = 0; path = Interface.app; sourceTree = BUILT_PRODUCTS_DIR; };
		9A99CBF51FD63386008F98AB /* AppDelegate.swift */ = {isa = PBXFileReference; lastKnownFileType = sourcecode.swift; path = AppDelegate.swift; sourceTree = "<group>"; };
		9A99CBF71FD63386008F98AB /* ViewController.swift */ = {isa = PBXFileReference; lastKnownFileType = sourcecode.swift; path = ViewController.swift; sourceTree = "<group>"; };
		9A99CBFA1FD63386008F98AB /* Base */ = {isa = PBXFileReference; lastKnownFileType = file.storyboard; name = Base; path = Base.lproj/Main.storyboard; sourceTree = "<group>"; };
		9A99CBFC1FD63386008F98AB /* Assets.xcassets */ = {isa = PBXFileReference; lastKnownFileType = folder.assetcatalog; path = Assets.xcassets; sourceTree = "<group>"; };
		9A99CBFF1FD63386008F98AB /* Base */ = {isa = PBXFileReference; lastKnownFileType = file.storyboard; name = Base; path = Base.lproj/LaunchScreen.storyboard; sourceTree = "<group>"; };
		9A99CC011FD63386008F98AB /* Info.plist */ = {isa = PBXFileReference; lastKnownFileType = text.plist.xml; path = Info.plist; sourceTree = "<group>"; };
		9A99CC061FD63386008F98AB /* InterfaceTests.xctest */ = {isa = PBXFileReference; explicitFileType = wrapper.cfbundle; includeInIndex = 0; path = InterfaceTests.xctest; sourceTree = BUILT_PRODUCTS_DIR; };
		9A99CC0A1FD63386008F98AB /* InterfaceTests.swift */ = {isa = PBXFileReference; lastKnownFileType = sourcecode.swift; path = InterfaceTests.swift; sourceTree = "<group>"; };
		9A99CC0C1FD63386008F98AB /* Info.plist */ = {isa = PBXFileReference; lastKnownFileType = text.plist.xml; path = Info.plist; sourceTree = "<group>"; };
		9A99CC111FD63386008F98AB /* InterfaceUITests.xctest */ = {isa = PBXFileReference; explicitFileType = wrapper.cfbundle; includeInIndex = 0; path = InterfaceUITests.xctest; sourceTree = BUILT_PRODUCTS_DIR; };
		9A99CC151FD63386008F98AB /* InterfaceUITests.swift */ = {isa = PBXFileReference; lastKnownFileType = sourcecode.swift; path = InterfaceUITests.swift; sourceTree = "<group>"; };
		9A99CC171FD63386008F98AB /* Info.plist */ = {isa = PBXFileReference; lastKnownFileType = text.plist.xml; path = Info.plist; sourceTree = "<group>"; };
/* End PBXFileReference section */

/* Begin PBXFrameworksBuildPhase section */
		9A99CBEF1FD63386008F98AB /* Frameworks */ = {
			isa = PBXFrameworksBuildPhase;
			buildActionMask = 2147483647;
			files = (
			);
			runOnlyForDeploymentPostprocessing = 0;
		};
		9A99CC031FD63386008F98AB /* Frameworks */ = {
			isa = PBXFrameworksBuildPhase;
			buildActionMask = 2147483647;
			files = (
			);
			runOnlyForDeploymentPostprocessing = 0;
		};
		9A99CC0E1FD63386008F98AB /* Frameworks */ = {
			isa = PBXFrameworksBuildPhase;
			buildActionMask = 2147483647;
			files = (
			);
			runOnlyForDeploymentPostprocessing = 0;
		};
/* End PBXFrameworksBuildPhase section */

/* Begin PBXGroup section */
		9A99CBE91FD63386008F98AB = {
			isa = PBXGroup;
			children = (
				9A99CBF41FD63386008F98AB /* Interface */,
				9A99CC091FD63386008F98AB /* InterfaceTests */,
				9A99CC141FD63386008F98AB /* InterfaceUITests */,
				9A99CBF31FD63386008F98AB /* Products */,
			);
			sourceTree = "<group>";
		};
		9A99CBF31FD63386008F98AB /* Products */ = {
			isa = PBXGroup;
			children = (
				9A99CBF21FD63386008F98AB /* Interface.app */,
				9A99CC061FD63386008F98AB /* InterfaceTests.xctest */,
				9A99CC111FD63386008F98AB /* InterfaceUITests.xctest */,
			);
			name = Products;
			sourceTree = "<group>";
		};
		9A99CBF41FD63386008F98AB /* Interface */ = {
			isa = PBXGroup;
			children = (
				9A99CBF51FD63386008F98AB /* AppDelegate.swift */,
				9A99CBF71FD63386008F98AB /* ViewController.swift */,
				9A99CBF91FD63386008F98AB /* Main.storyboard */,
				9A99CBFC1FD63386008F98AB /* Assets.xcassets */,
				9A99CBFE1FD63386008F98AB /* LaunchScreen.storyboard */,
				9A99CC011FD63386008F98AB /* Info.plist */,
			);
			path = Interface;
			sourceTree = "<group>";
		};
		9A99CC091FD63386008F98AB /* InterfaceTests */ = {
			isa = PBXGroup;
			children = (
				9A99CC0A1FD63386008F98AB /* InterfaceTests.swift */,
				9A99CC0C1FD63386008F98AB /* Info.plist */,
			);
			path = InterfaceTests;
			sourceTree = "<group>";
		};
		9A99CC141FD63386008F98AB /* InterfaceUITests */ = {
			isa = PBXGroup;
			children = (
				9A99CC151FD63386008F98AB /* InterfaceUITests.swift */,
				9A99CC171FD63386008F98AB /* Info.plist */,
			);
			path = InterfaceUITests;
			sourceTree = "<group>";
		};
/* End PBXGroup section */

/* Begin PBXNativeTarget section */
		9A99CBF11FD63386008F98AB /* Interface */ = {
			isa = PBXNativeTarget;
			buildConfigurationList = 9A99CC1A1FD63386008F98AB /* Build configuration list for PBXNativeTarget "Interface" */;
			buildPhases = (
				9A99CBEE1FD63386008F98AB /* Sources */,
				9A99CBEF1FD63386008F98AB /* Frameworks */,
				9A99CBF01FD63386008F98AB /* Resources */,
			);
			buildRules = (
			);
			dependencies = (
			);
			name = Interface;
			productName = Interface;
			productReference = 9A99CBF21FD63386008F98AB /* Interface.app */;
			productType = "com.apple.product-type.application";
		};
		9A99CC051FD63386008F98AB /* InterfaceTests */ = {
			isa = PBXNativeTarget;
			buildConfigurationList = 9A99CC1D1FD63386008F98AB /* Build configuration list for PBXNativeTarget "InterfaceTests" */;
			buildPhases = (
				9A99CC021FD63386008F98AB /* Sources */,
				9A99CC031FD63386008F98AB /* Frameworks */,
				9A99CC041FD63386008F98AB /* Resources */,
			);
			buildRules = (
			);
			dependencies = (
				9A99CC081FD63386008F98AB /* PBXTargetDependency */,
			);
			name = InterfaceTests;
			productName = InterfaceTests;
			productReference = 9A99CC061FD63386008F98AB /* InterfaceTests.xctest */;
			productType = "com.apple.product-type.bundle.unit-test";
		};
		9A99CC101FD63386008F98AB /* InterfaceUITests */ = {
			isa = PBXNativeTarget;
			buildConfigurationList = 9A99CC201FD63386008F98AB /* Build configuration list for PBXNativeTarget "InterfaceUITests" */;
			buildPhases = (
				9A99CC0D1FD63386008F98AB /* Sources */,
				9A99CC0E1FD63386008F98AB /* Frameworks */,
				9A99CC0F1FD63386008F98AB /* Resources */,
			);
			buildRules = (
			);
			dependencies = (
				9A99CC131FD63386008F98AB /* PBXTargetDependency */,
			);
			name = InterfaceUITests;
			productName = InterfaceUITests;
			productReference = 9A99CC111FD63386008F98AB /* InterfaceUITests.xctest */;
			productType = "com.apple.product-type.bundle.ui-testing";
		};
/* End PBXNativeTarget section */

/* Begin PBXProject section */
		9A99CBEA1FD63386008F98AB /* Project object */ = {
			isa = PBXProject;
			attributes = {
				LastSwiftUpdateCheck = 0910;
				LastUpgradeCheck = 0910;
				ORGANIZATIONNAME = XiaoYuEr;
				TargetAttributes = {
					9A99CBF11FD63386008F98AB = {
						CreatedOnToolsVersion = 9.1;
						ProvisioningStyle = Automatic;
					};
					9A99CC051FD63386008F98AB = {
						CreatedOnToolsVersion = 9.1;
						ProvisioningStyle = Automatic;
						TestTargetID = 9A99CBF11FD63386008F98AB;
					};
					9A99CC101FD63386008F98AB = {
						CreatedOnToolsVersion = 9.1;
						ProvisioningStyle = Automatic;
						TestTargetID = 9A99CBF11FD63386008F98AB;
					};
				};
			};
			buildConfigurationList = 9A99CBED1FD63386008F98AB /* Build configuration list for PBXProject "Interface" */;
			compatibilityVersion = "Xcode 8.0";
			developmentRegion = en;
			hasScannedForEncodings = 0;
			knownRegions = (
				en,
				Base,
			);
			mainGroup = 9A99CBE91FD63386008F98AB;
			productRefGroup = 9A99CBF31FD63386008F98AB /* Products */;
			projectDirPath = "";
			projectRoot = "";
			targets = (
				9A99CBF11FD63386008F98AB /* Interface */,
				9A99CC051FD63386008F98AB /* InterfaceTests */,
				9A99CC101FD63386008F98AB /* InterfaceUITests */,
			);
		};
/* End PBXProject section */

/* Begin PBXResourcesBuildPhase section */
		9A99CBF01FD63386008F98AB /* Resources */ = {
			isa = PBXResourcesBuildPhase;
			buildActionMask = 2147483647;
			files = (
				9A99CC001FD63386008F98AB /* LaunchScreen.storyboard in Resources */,
				9A99CBFD1FD63386008F98AB /* Assets.xcassets in Resources */,
				9A99CBFB1FD63386008F98AB /* Main.storyboard in Resources */,
			);
			runOnlyForDeploymentPostprocessing = 0;
		};
		9A99CC041FD63386008F98AB /* Resources */ = {
			isa = PBXResourcesBuildPhase;
			buildActionMask = 2147483647;
			files = (
			);
			runOnlyForDeploymentPostprocessing = 0;
		};
		9A99CC0F1FD63386008F98AB /* Resources */ = {
			isa = PBXResourcesBuildPhase;
			buildActionMask = 2147483647;
			files = (
			);
			runOnlyForDeploymentPostprocessing = 0;
		};
/* End PBXResourcesBuildPhase section */

/* Begin PBXSourcesBuildPhase section */
		9A99CBEE1FD63386008F98AB /* Sources */ = {
			isa = PBXSourcesBuildPhase;
			buildActionMask = 2147483647;
			files = (
				9A99CBF81FD63386008F98AB /* ViewController.swift in Sources */,
				9A99CBF61FD63386008F98AB /* AppDelegate.swift in Sources */,
			);
			runOnlyForDeploymentPostprocessing = 0;
		};
		9A99CC021FD63386008F98AB /* Sources */ = {
			isa = PBXSourcesBuildPhase;
			buildActionMask = 2147483647;
			files = (
				9A99CC0B1FD63386008F98AB /* InterfaceTests.swift in Sources */,
			);
			runOnlyForDeploymentPostprocessing = 0;
		};
		9A99CC0D1FD63386008F98AB /* Sources */ = {
			isa = PBXSourcesBuildPhase;
			buildActionMask = 2147483647;
			files = (
				9A99CC161FD63386008F98AB /* InterfaceUITests.swift in Sources */,
			);
			runOnlyForDeploymentPostprocessing = 0;
		};
/* End PBXSourcesBuildPhase section */

/* Begin PBXTargetDependency section */
		9A99CC081FD63386008F98AB /* PBXTargetDependency */ = {
			isa = PBXTargetDependency;
			target = 9A99CBF11FD63386008F98AB /* Interface */;
			targetProxy = 9A99CC071FD63386008F98AB /* PBXContainerItemProxy */;
		};
		9A99CC131FD63386008F98AB /* PBXTargetDependency */ = {
			isa = PBXTargetDependency;
			target = 9A99CBF11FD63386008F98AB /* Interface */;
			targetProxy = 9A99CC121FD63386008F98AB /* PBXContainerItemProxy */;
		};
/* End PBXTargetDependency section */

/* Begin PBXVariantGroup section */
		9A99CBF91FD63386008F98AB /* Main.storyboard */ = {
			isa = PBXVariantGroup;
			children = (
				9A99CBFA1FD63386008F98AB /* Base */,
			);
			name = Main.storyboard;
			sourceTree = "<group>";
		};
		9A99CBFE1FD63386008F98AB /* LaunchScreen.storyboard */ = {
			isa = PBXVariantGroup;
			children = (
				9A99CBFF1FD63386008F98AB /* Base */,
			);
			name = LaunchScreen.storyboard;
			sourceTree = "<group>";
		};
/* End PBXVariantGroup section */

/* Begin XCBuildConfiguration section */
		9A99CC181FD63386008F98AB /* Debug */ = {
			isa = XCBuildConfiguration;
			buildSettings = {
				ALWAYS_SEARCH_USER_PATHS = NO;
				CLANG_ANALYZER_NONNULL = YES;
				CLANG_ANALYZER_NUMBER_OBJECT_CONVERSION = YES_AGGRESSIVE;
				CLANG_CXX_LANGUAGE_STANDARD = "gnu++14";
				CLANG_CXX_LIBRARY = "libc++";
				CLANG_ENABLE_MODULES = YES;
				CLANG_ENABLE_OBJC_ARC = YES;
				CLANG_WARN_BLOCK_CAPTURE_AUTORELEASING = YES;
				CLANG_WARN_BOOL_CONVERSION = YES;
				CLANG_WARN_COMMA = YES;
				CLANG_WARN_CONSTANT_CONVERSION = YES;
				CLANG_WARN_DIRECT_OBJC_ISA_USAGE = YES_ERROR;
				CLANG_WARN_DOCUMENTATION_COMMENTS = YES;
				CLANG_WARN_EMPTY_BODY = YES;
				CLANG_WARN_ENUM_CONVERSION = YES;
				CLANG_WARN_INFINITE_RECURSION = YES;
				CLANG_WARN_INT_CONVERSION = YES;
				CLANG_WARN_NON_LITERAL_NULL_CONVERSION = YES;
				CLANG_WARN_OBJC_LITERAL_CONVERSION = YES;
				CLANG_WARN_OBJC_ROOT_CLASS = YES_ERROR;
				CLANG_WARN_RANGE_LOOP_ANALYSIS = YES;
				CLANG_WARN_STRICT_PROTOTYPES = YES;
				CLANG_WARN_SUSPICIOUS_MOVE = YES;
				CLANG_WARN_UNGUARDED_AVAILABILITY = YES_AGGRESSIVE;
				CLANG_WARN_UNREACHABLE_CODE = YES;
				CLANG_WARN__DUPLICATE_METHOD_MATCH = YES;
				CODE_SIGN_IDENTITY = "iPhone Developer";
				COPY_PHASE_STRIP = NO;
				DEBUG_INFORMATION_FORMAT = dwarf;
				ENABLE_STRICT_OBJC_MSGSEND = YES;
				ENABLE_TESTABILITY = YES;
				GCC_C_LANGUAGE_STANDARD = gnu11;
				GCC_DYNAMIC_NO_PIC = NO;
				GCC_NO_COMMON_BLOCKS = YES;
				GCC_OPTIMIZATION_LEVEL = 0;
				GCC_PREPROCESSOR_DEFINITIONS = (
					"DEBUG=1",
					"$(inherited)",
				);
				GCC_WARN_64_TO_32_BIT_CONVERSION = YES;
				GCC_WARN_ABOUT_RETURN_TYPE = YES_ERROR;
				GCC_WARN_UNDECLARED_SELECTOR = YES;
				GCC_WARN_UNINITIALIZED_AUTOS = YES_AGGRESSIVE;
				GCC_WARN_UNUSED_FUNCTION = YES;
				GCC_WARN_UNUSED_VARIABLE = YES;
				IPHONEOS_DEPLOYMENT_TARGET = 11.1;
				MTL_ENABLE_DEBUG_INFO = YES;
				ONLY_ACTIVE_ARCH = YES;
				SDKROOT = iphoneos;
				SWIFT_ACTIVE_COMPILATION_CONDITIONS = DEBUG;
				SWIFT_OPTIMIZATION_LEVEL = "-Onone";
			};
			name = Debug;
		};
		9A99CC191FD63386008F98AB /* Release */ = {
			isa = XCBuildConfiguration;
			buildSettings = {
				ALWAYS_SEARCH_USER_PATHS = NO;
				CLANG_ANALYZER_NONNULL = YES;
				CLANG_ANALYZER_NUMBER_OBJECT_CONVERSION = YES_AGGRESSIVE;
				CLANG_CXX_LANGUAGE_STANDARD = "gnu++14";
				CLANG_CXX_LIBRARY = "libc++";
				CLANG_ENABLE_MODULES = YES;
				CLANG_ENABLE_OBJC_ARC = YES;
				CLANG_WARN_BLOCK_CAPTURE_AUTORELEASING = YES;
				CLANG_WARN_BOOL_CONVERSION = YES;
				CLANG_WARN_COMMA = YES;
				CLANG_WARN_CONSTANT_CONVERSION = YES;
				CLANG_WARN_DIRECT_OBJC_ISA_USAGE = YES_ERROR;
				CLANG_WARN_DOCUMENTATION_COMMENTS = YES;
				CLANG_WARN_EMPTY_BODY = YES;
				CLANG_WARN_ENUM_CONVERSION = YES;
				CLANG_WARN_INFINITE_RECURSION = YES;
				CLANG_WARN_INT_CONVERSION = YES;
				CLANG_WARN_NON_LITERAL_NULL_CONVERSION = YES;
				CLANG_WARN_OBJC_LITERAL_CONVERSION = YES;
				CLANG_WARN_OBJC_ROOT_CLASS = YES_ERROR;
				CLANG_WARN_RANGE_LOOP_ANALYSIS = YES;
				CLANG_WARN_STRICT_PROTOTYPES = YES;
				CLANG_WARN_SUSPICIOUS_MOVE = YES;
				CLANG_WARN_UNGUARDED_AVAILABILITY = YES_AGGRESSIVE;
				CLANG_WARN_UNREACHABLE_CODE = YES;
				CLANG_WARN__DUPLICATE_METHOD_MATCH = YES;
				CODE_SIGN_IDENTITY = "iPhone Developer";
				COPY_PHASE_STRIP = NO;
				DEBUG_INFORMATION_FORMAT = "dwarf-with-dsym";
				ENABLE_NS_ASSERTIONS = NO;
				ENABLE_STRICT_OBJC_MSGSEND = YES;
				GCC_C_LANGUAGE_STANDARD = gnu11;
				GCC_NO_COMMON_BLOCKS = YES;
				GCC_WARN_64_TO_32_BIT_CONVERSION = YES;
				GCC_WARN_ABOUT_RETURN_TYPE = YES_ERROR;
				GCC_WARN_UNDECLARED_SELECTOR = YES;
				GCC_WARN_UNINITIALIZED_AUTOS = YES_AGGRESSIVE;
				GCC_WARN_UNUSED_FUNCTION = YES;
				GCC_WARN_UNUSED_VARIABLE = YES;
				IPHONEOS_DEPLOYMENT_TARGET = 11.1;
				MTL_ENABLE_DEBUG_INFO = NO;
				SDKROOT = iphoneos;
				SWIFT_OPTIMIZATION_LEVEL = "-Owholemodule";
				VALIDATE_PRODUCT = YES;
			};
			name = Release;
		};
		9A99CC1B1FD63386008F98AB /* Debug */ = {
			isa = XCBuildConfiguration;
			buildSettings = {
				ASSETCATALOG_COMPILER_APPICON_NAME = AppIcon;
				CODE_SIGN_STYLE = Automatic;
				INFOPLIST_FILE = Interface/Info.plist;
				LD_RUNPATH_SEARCH_PATHS = "$(inherited) @executable_path/Frameworks";
				PRODUCT_BUNDLE_IDENTIFIER = xiaoyuer.com.Interface;
				PRODUCT_NAME = "$(TARGET_NAME)";
				SWIFT_VERSION = 4.0;
				TARGETED_DEVICE_FAMILY = "1,2";
			};
			name = Debug;
		};
		9A99CC1C1FD63386008F98AB /* Release */ = {
			isa = XCBuildConfiguration;
			buildSettings = {
				ASSETCATALOG_COMPILER_APPICON_NAME = AppIcon;
				CODE_SIGN_STYLE = Automatic;
				INFOPLIST_FILE = Interface/Info.plist;
				LD_RUNPATH_SEARCH_PATHS = "$(inherited) @executable_path/Frameworks";
				PRODUCT_BUNDLE_IDENTIFIER = xiaoyuer.com.Interface;
				PRODUCT_NAME = "$(TARGET_NAME)";
				SWIFT_VERSION = 4.0;
				TARGETED_DEVICE_FAMILY = "1,2";
			};
			name = Release;
		};
		9A99CC1E1FD63386008F98AB /* Debug */ = {
			isa = XCBuildConfiguration;
			buildSettings = {
				ALWAYS_EMBED_SWIFT_STANDARD_LIBRARIES = YES;
				BUNDLE_LOADER = "$(TEST_HOST)";
				CODE_SIGN_STYLE = Automatic;
				INFOPLIST_FILE = InterfaceTests/Info.plist;
				LD_RUNPATH_SEARCH_PATHS = "$(inherited) @executable_path/Frameworks @loader_path/Frameworks";
				PRODUCT_BUNDLE_IDENTIFIER = xiaoyuer.com.InterfaceTests;
				PRODUCT_NAME = "$(TARGET_NAME)";
				SWIFT_VERSION = 4.0;
				TARGETED_DEVICE_FAMILY = "1,2";
				TEST_HOST = "$(BUILT_PRODUCTS_DIR)/Interface.app/Interface";
			};
			name = Debug;
		};
		9A99CC1F1FD63386008F98AB /* Release */ = {
			isa = XCBuildConfiguration;
			buildSettings = {
				ALWAYS_EMBED_SWIFT_STANDARD_LIBRARIES = YES;
				BUNDLE_LOADER = "$(TEST_HOST)";
				CODE_SIGN_STYLE = Automatic;
				INFOPLIST_FILE = InterfaceTests/Info.plist;
				LD_RUNPATH_SEARCH_PATHS = "$(inherited) @executable_path/Frameworks @loader_path/Frameworks";
				PRODUCT_BUNDLE_IDENTIFIER = xiaoyuer.com.InterfaceTests;
				PRODUCT_NAME = "$(TARGET_NAME)";
				SWIFT_VERSION = 4.0;
				TARGETED_DEVICE_FAMILY = "1,2";
				TEST_HOST = "$(BUILT_PRODUCTS_DIR)/Interface.app/Interface";
			};
			name = Release;
		};
		9A99CC211FD63386008F98AB /* Debug */ = {
			isa = XCBuildConfiguration;
			buildSettings = {
				ALWAYS_EMBED_SWIFT_STANDARD_LIBRARIES = YES;
				CODE_SIGN_STYLE = Automatic;
				INFOPLIST_FILE = InterfaceUITests/Info.plist;
				LD_RUNPATH_SEARCH_PATHS = "$(inherited) @executable_path/Frameworks @loader_path/Frameworks";
				PRODUCT_BUNDLE_IDENTIFIER = xiaoyuer.com.InterfaceUITests;
				PRODUCT_NAME = "$(TARGET_NAME)";
				SWIFT_VERSION = 4.0;
				TARGETED_DEVICE_FAMILY = "1,2";
				TEST_TARGET_NAME = Interface;
			};
			name = Debug;
		};
		9A99CC221FD63386008F98AB /* Release */ = {
			isa = XCBuildConfiguration;
			buildSettings = {
				ALWAYS_EMBED_SWIFT_STANDARD_LIBRARIES = YES;
				CODE_SIGN_STYLE = Automatic;
				INFOPLIST_FILE = InterfaceUITests/Info.plist;
				LD_RUNPATH_SEARCH_PATHS = "$(inherited) @executable_path/Frameworks @loader_path/Frameworks";
				PRODUCT_BUNDLE_IDENTIFIER = xiaoyuer.com.InterfaceUITests;
				PRODUCT_NAME = "$(TARGET_NAME)";
				SWIFT_VERSION = 4.0;
				TARGETED_DEVICE_FAMILY = "1,2";
				TEST_TARGET_NAME = Interface;
			};
			name = Release;
		};
/* End XCBuildConfiguration section */

/* Begin XCConfigurationList section */
		9A99CBED1FD63386008F98AB /* Build configuration list for PBXProject "Interface" */ = {
			isa = XCConfigurationList;
			buildConfigurations = (
				9A99CC181FD63386008F98AB /* Debug */,
				9A99CC191FD63386008F98AB /* Release */,
			);
			defaultConfigurationIsVisible = 0;
			defaultConfigurationName = Release;
		};
		9A99CC1A1FD63386008F98AB /* Build configuration list for PBXNativeTarget "Interface" */ = {
			isa = XCConfigurationList;
			buildConfigurations = (
				9A99CC1B1FD63386008F98AB /* Debug */,
				9A99CC1C1FD63386008F98AB /* Release */,
			);
			defaultConfigurationIsVisible = 0;
			defaultConfigurationName = Release;
		};
		9A99CC1D1FD63386008F98AB /* Build configuration list for PBXNativeTarget "InterfaceTests" */ = {
			isa = XCConfigurationList;
			buildConfigurations = (
				9A99CC1E1FD63386008F98AB /* Debug */,
				9A99CC1F1FD63386008F98AB /* Release */,
			);
			defaultConfigurationIsVisible = 0;
			defaultConfigurationName = Release;
		};
		9A99CC201FD63386008F98AB /* Build configuration list for PBXNativeTarget "InterfaceUITests" */ = {
			isa = XCConfigurationList;
			buildConfigurations = (
				9A99CC211FD63386008F98AB /* Debug */,
				9A99CC221FD63386008F98AB /* Release */,
			);
			defaultConfigurationIsVisible = 0;
			defaultConfigurationName = Release;
		};
/* End XCConfigurationList section */
	};
	rootObject = 9A99CBEA1FD63386008F98AB /* Project object */;
}
